
Microsoft Visual Studio Solution File, Format Version 12.00
# Visual Studio Version 17
VisualStudioVersion = 17.5.33424.131
MinimumVisualStudioVersion = 10.0.40219.1
Project("{2150E333-8FDC-42A3-9474-1A3956D46DE8}") = "BusinessLogic", "BusinessLogic", "{2987AE83-3E7A-4A2C-AB12-41ADAF2B812F}"
EndProject
Project("{2150E333-8FDC-42A3-9474-1A3956D46DE8}") = "DataAccess", "DataAccess", "{3CB9568A-CFDE-4E31-AC29-1851D111E4CE}"
EndProject
Project("{2150E333-8FDC-42A3-9474-1A3956D46DE8}") = "Presentation", "Presentation", "{C18D16FC-939C-4484-BED0-433660214CC8}"
EndProject
Project("{FAE04EC0-301F-11D3-BF4B-00C04F79EFBC}") = "DAL", "DAL\DAL.csproj", "{A22BE0A0-C7CD-46E7-91E6-54EF785CB103}"
EndProject
Project("{FAE04EC0-301F-11D3-BF4B-00C04F79EFBC}") = "BLL", "BLL\BLL.csproj", "{653FD1C1-9FAE-4418-8A5D-DB3A6DC7A095}"
EndProject
Project("{FAE04EC0-301F-11D3-BF4B-00C04F79EFBC}") = "UIL", "UIL\UIL.csproj", "{B23CD7E4-964A-44FA-B63B-E8472D438EE8}"
EndProject
Project("{2150E333-8FDC-42A3-9474-1A3956D46DE8}") = "NUnit", "NUnit", "{BE0C1E70-DAB2-4FE8-8C9B-62F14F1CA519}"
EndProject
Project("{FAE04EC0-301F-11D3-BF4B-00C04F79EFBC}") = "Tests", "Tests\Tests.csproj", "{93038C6F-6C43-4B12-BCAB-1749A3E42509}"
EndProject
Global
	GlobalSection(SolutionConfigurationPlatforms) = preSolution
		Debug|Any CPU = Debug|Any CPU
		Release|Any CPU = Release|Any CPU
	EndGlobalSection
	GlobalSection(ProjectConfigurationPlatforms) = postSolution
		{A22BE0A0-C7CD-46E7-91E6-54EF785CB103}.Debug|Any CPU.ActiveCfg = Debug|Any CPU
		{A22BE0A0-C7CD-46E7-91E6-54EF785CB103}.Debug|Any CPU.Build.0 = Debug|Any CPU
		{A22BE0A0-C7CD-46E7-91E6-54EF785CB103}.Release|Any CPU.ActiveCfg = Release|Any CPU
		{A22BE0A0-C7CD-46E7-91E6-54EF785CB103}.Release|Any CPU.Build.0 = Release|Any CPU
		{653FD1C1-9FAE-4418-8A5D-DB3A6DC7A095}.Debug|Any CPU.ActiveCfg = Debug|Any CPU
		{653FD1C1-9FAE-4418-8A5D-DB3A6DC7A095}.Debug|Any CPU.Build.0 = Debug|Any CPU
		{653FD1C1-9FAE-4418-8A5D-DB3A6DC7A095}.Release|Any CPU.ActiveCfg = Release|Any CPU
		{653FD1C1-9FAE-4418-8A5D-DB3A6DC7A095}.Release|Any CPU.Build.0 = Release|Any CPU
		{B23CD7E4-964A-44FA-B63B-E8472D438EE8}.Debug|Any CPU.ActiveCfg = Debug|Any CPU
		{B23CD7E4-964A-44FA-B63B-E8472D438EE8}.Debug|Any CPU.Build.0 = Debug|Any CPU
		{B23CD7E4-964A-44FA-B63B-E8472D438EE8}.Release|Any CPU.ActiveCfg = Release|Any CPU
		{B23CD7E4-964A-44FA-B63B-E8472D438EE8}.Release|Any CPU.Build.0 = Release|Any CPU
		{93038C6F-6C43-4B12-BCAB-1749A3E42509}.Debug|Any CPU.ActiveCfg = Debug|Any CPU
		{93038C6F-6C43-4B12-BCAB-1749A3E42509}.Debug|Any CPU.Build.0 = Debug|Any CPU
		{93038C6F-6C43-4B12-BCAB-1749A3E42509}.Release|Any CPU.ActiveCfg = Release|Any CPU
		{93038C6F-6C43-4B12-BCAB-1749A3E42509}.Release|Any CPU.Build.0 = Release|Any CPU
	EndGlobalSection
	GlobalSection(SolutionProperties) = preSolution
		HideSolutionNode = FALSE
	EndGlobalSection
	GlobalSection(NestedProjects) = preSolution
		{A22BE0A0-C7CD-46E7-91E6-54EF785CB103} = {3CB9568A-CFDE-4E31-AC29-1851D111E4CE}
		{653FD1C1-9FAE-4418-8A5D-DB3A6DC7A095} = {2987AE83-3E7A-4A2C-AB12-41ADAF2B812F}
		{B23CD7E4-964A-44FA-B63B-E8472D438EE8} = {C18D16FC-939C-4484-BED0-433660214CC8}
		{93038C6F-6C43-4B12-BCAB-1749A3E42509} = {BE0C1E70-DAB2-4FE8-8C9B-62F14F1CA519}
	EndGlobalSection
	GlobalSection(ExtensibilityGlobals) = postSolution
		SolutionGuid = {D0BB771D-0B61-40BE-B56A-B27F54088AC0}
	EndGlobalSection
EndGlobal
