
Microsoft Visual Studio Solution File, Format Version 12.00
# Visual Studio Version 17
VisualStudioVersion = 17.5.33424.131
MinimumVisualStudioVersion = 10.0.40219.1
Project("{FAE04EC0-301F-11D3-BF4B-00C04F79EFBC}") = "UIL", "UIL\UIL.csproj", "{443ACA85-E076-4E73-AA08-637E9F28BCB9}"
EndProject
Project("{2150E333-8FDC-42A3-9474-1A3956D46DE8}") = "BusinessLogic", "BusinessLogic", "{2987AE83-3E7A-4A2C-AB12-41ADAF2B812F}"
EndProject
Project("{2150E333-8FDC-42A3-9474-1A3956D46DE8}") = "DataAccess", "DataAccess", "{3CB9568A-CFDE-4E31-AC29-1851D111E4CE}"
EndProject
Project("{2150E333-8FDC-42A3-9474-1A3956D46DE8}") = "Presentation", "Presentation", "{C18D16FC-939C-4484-BED0-433660214CC8}"
EndProject
Project("{9A19103F-16F7-4668-BE54-9A1E7A4F7556}") = "BLL", "BLL\BLL.csproj", "{B9F487B7-370F-42E8-8FF3-51CC4A994784}"
EndProject
Project("{9A19103F-16F7-4668-BE54-9A1E7A4F7556}") = "DAL", "DAL\DAL.csproj", "{3FF684ED-9FD2-4B5B-BB69-F9748E7CE84D}"
EndProject
Global
	GlobalSection(SolutionConfigurationPlatforms) = preSolution
		Debug|Any CPU = Debug|Any CPU
		Release|Any CPU = Release|Any CPU
	EndGlobalSection
	GlobalSection(ProjectConfigurationPlatforms) = postSolution
		{443ACA85-E076-4E73-AA08-637E9F28BCB9}.Debug|Any CPU.ActiveCfg = Debug|Any CPU
		{443ACA85-E076-4E73-AA08-637E9F28BCB9}.Debug|Any CPU.Build.0 = Debug|Any CPU
		{443ACA85-E076-4E73-AA08-637E9F28BCB9}.Release|Any CPU.ActiveCfg = Release|Any CPU
		{443ACA85-E076-4E73-AA08-637E9F28BCB9}.Release|Any CPU.Build.0 = Release|Any CPU
		{B9F487B7-370F-42E8-8FF3-51CC4A994784}.Debug|Any CPU.ActiveCfg = Debug|Any CPU
		{B9F487B7-370F-42E8-8FF3-51CC4A994784}.Debug|Any CPU.Build.0 = Debug|Any CPU
		{B9F487B7-370F-42E8-8FF3-51CC4A994784}.Release|Any CPU.ActiveCfg = Release|Any CPU
		{B9F487B7-370F-42E8-8FF3-51CC4A994784}.Release|Any CPU.Build.0 = Release|Any CPU
		{3FF684ED-9FD2-4B5B-BB69-F9748E7CE84D}.Debug|Any CPU.ActiveCfg = Debug|Any CPU
		{3FF684ED-9FD2-4B5B-BB69-F9748E7CE84D}.Debug|Any CPU.Build.0 = Debug|Any CPU
		{3FF684ED-9FD2-4B5B-BB69-F9748E7CE84D}.Release|Any CPU.ActiveCfg = Release|Any CPU
		{3FF684ED-9FD2-4B5B-BB69-F9748E7CE84D}.Release|Any CPU.Build.0 = Release|Any CPU
	EndGlobalSection
	GlobalSection(SolutionProperties) = preSolution
		HideSolutionNode = FALSE
	EndGlobalSection
	GlobalSection(NestedProjects) = preSolution
		{443ACA85-E076-4E73-AA08-637E9F28BCB9} = {C18D16FC-939C-4484-BED0-433660214CC8}
		{B9F487B7-370F-42E8-8FF3-51CC4A994784} = {2987AE83-3E7A-4A2C-AB12-41ADAF2B812F}
		{3FF684ED-9FD2-4B5B-BB69-F9748E7CE84D} = {3CB9568A-CFDE-4E31-AC29-1851D111E4CE}
	EndGlobalSection
	GlobalSection(ExtensibilityGlobals) = postSolution
		SolutionGuid = {D0BB771D-0B61-40BE-B56A-B27F54088AC0}
	EndGlobalSection
EndGlobal
